
Microsoft Visual Studio Solution File, Format Version 12.00
# Visual Studio Version 17
VisualStudioVersion = 17.7.34024.191
MinimumVisualStudioVersion = 10.0.40219.1
Project("{9A19103F-16F7-4668-BE54-9A1E7A4F7556}") = "TP Sysacad", "TP Sysacad\TP Sysacad.csproj", "{E12E24D3-E8C2-4A1E-A5E2-B41BC3BE2C20}"
	ProjectSection(ProjectDependencies) = postProject
		{BAC5C8AC-56A3-4473-8DA1-A416AE04BA3A} = {BAC5C8AC-56A3-4473-8DA1-A416AE04BA3A}
	EndProjectSection
EndProject
Project("{9A19103F-16F7-4668-BE54-9A1E7A4F7556}") = "ClassLibrary1", "ClassLibrary1\ClassLibrary1.csproj", "{BAC5C8AC-56A3-4473-8DA1-A416AE04BA3A}"
EndProject
Global
	GlobalSection(SolutionConfigurationPlatforms) = preSolution
		Debug|Any CPU = Debug|Any CPU
		Release|Any CPU = Release|Any CPU
	EndGlobalSection
	GlobalSection(ProjectConfigurationPlatforms) = postSolution
		{E12E24D3-E8C2-4A1E-A5E2-B41BC3BE2C20}.Debug|Any CPU.ActiveCfg = Debug|Any CPU
		{E12E24D3-E8C2-4A1E-A5E2-B41BC3BE2C20}.Debug|Any CPU.Build.0 = Debug|Any CPU
		{E12E24D3-E8C2-4A1E-A5E2-B41BC3BE2C20}.Release|Any CPU.ActiveCfg = Release|Any CPU
		{E12E24D3-E8C2-4A1E-A5E2-B41BC3BE2C20}.Release|Any CPU.Build.0 = Release|Any CPU
		{BAC5C8AC-56A3-4473-8DA1-A416AE04BA3A}.Debug|Any CPU.ActiveCfg = Debug|Any CPU
		{BAC5C8AC-56A3-4473-8DA1-A416AE04BA3A}.Debug|Any CPU.Build.0 = Debug|Any CPU
		{BAC5C8AC-56A3-4473-8DA1-A416AE04BA3A}.Release|Any CPU.ActiveCfg = Release|Any CPU
		{BAC5C8AC-56A3-4473-8DA1-A416AE04BA3A}.Release|Any CPU.Build.0 = Release|Any CPU
	EndGlobalSection
	GlobalSection(SolutionProperties) = preSolution
		HideSolutionNode = FALSE
	EndGlobalSection
	GlobalSection(ExtensibilityGlobals) = postSolution
		SolutionGuid = {1469FB64-DEE1-447E-BF7C-FE3781B6FFB2}
	EndGlobalSection
EndGlobal
